{
  "version": "5",
  "specifiers": {
    "npm:hono@^4.10.1": "4.10.1",
    "npm:mcp-lite@*": "0.8.2",
    "npm:mcp-lite@~0.8.2": "0.8.2",
    "npm:zod@^4.1.12": "4.1.12"
  },
  "npm": {
    "@standard-schema/spec@1.0.0": {
      "integrity": "sha512-m2bOd0f2RT9k8QJx1JN85cZYyH1RqFBdlwtkSlf4tBDYLCiiZnv1fIIwacK6cqwXavOydf0NPToMQgpKq+dVlA=="
    },
    "hono@4.10.1": {
      "integrity": "sha512-rpGNOfacO4WEPClfkEt1yfl8cbu10uB1lNpiI33AKoiAHwOS8lV748JiLx4b5ozO/u4qLjIvfpFsPXdY5Qjkmg=="
    },
    "mcp-lite@0.8.2": {
      "integrity": "sha512-v78gCsmOI9cGhUsu8xRZ8NEZ6AOFPaAxm4xarP6Dhro3l9HY6Voo43MNuX+CO5oT8gpRfgJ5bMJLTSCFsp+4Kg==",
      "dependencies": [
        "@standard-schema/spec"
      ]
    },
    "zod@4.1.12": {
      "integrity": "sha512-JInaHOamG8pt5+Ey8kGmdcAcg3OL9reK8ltczgHTAwNhMys/6ThXHityHxVV2p3fkw/c+MAvBHFVYHFZDmjMCQ=="
    }
  },
  "workspace": {
    "dependencies": [
      "npm:hono@^4.10.1",
      "npm:mcp-lite@~0.8.2",
      "npm:zod@^4.1.12"
    ]
  }
}
